github.com/lcylpzls/logx v1.3.4 h1:SY0MOst90+fwxqpAMJvln46OHQwu7u1MEh7jkzsgJmA=
github.com/lcylpzls/logx v1.3.4/go.mod h1:yuwucAdbDdExex5jEiiYaXqBNUku37skHloJRy0x/aw=
github.com/lcylpzls/testx v1.4.4 h1:VtgfbtJsRI9ySlfbDDFLglz9cbA8tv1eaV/TPWh31lQ=
github.com/lcylpzls/testx v1.4.4/go.mod h1:6X4rYVZN0CYdG/L//Qf92f5nixcp1NdyCR7iCbItas4=
